
Microsoft Visual Studio Solution File, Format Version 12.00
# Visual Studio Version 17
VisualStudioVersion = 17.9.34728.123
MinimumVisualStudioVersion = 10.0.40219.1
Project("{FAE04EC0-301F-11D3-BF4B-00C04F79EFBC}") = "HRManagement", "HRManagement\HRManagement.csproj", "{6485ECB4-02C1-4971-8CF8-3CD9EDD64158}"
EndProject
Global
	GlobalSection(SolutionConfigurationPlatforms) = preSolution
		Debug|Any CPU = Debug|Any CPU
		Release|Any CPU = Release|Any CPU
	EndGlobalSection
	GlobalSection(ProjectConfigurationPlatforms) = postSolution
		{6485ECB4-02C1-4971-8CF8-3CD9EDD64158}.Debug|Any CPU.ActiveCfg = Debug|Any CPU
		{6485ECB4-02C1-4971-8CF8-3CD9EDD64158}.Debug|Any CPU.Build.0 = Debug|Any CPU
		{6485ECB4-02C1-4971-8CF8-3CD9EDD64158}.Debug|Any CPU.Deploy.0 = Debug|Any CPU
		{6485ECB4-02C1-4971-8CF8-3CD9EDD64158}.Release|Any CPU.ActiveCfg = Release|Any CPU
		{6485ECB4-02C1-4971-8CF8-3CD9EDD64158}.Release|Any CPU.Build.0 = Release|Any CPU
		{6485ECB4-02C1-4971-8CF8-3CD9EDD64158}.Release|Any CPU.Deploy.0 = Release|Any CPU
	EndGlobalSection
	GlobalSection(SolutionProperties) = preSolution
		HideSolutionNode = FALSE
	EndGlobalSection
	GlobalSection(ExtensibilityGlobals) = postSolution
		SolutionGuid = {865CBD0D-4DF6-4109-842F-1426D182CD19}
	EndGlobalSection
EndGlobal
